
Microsoft Visual Studio Solution File, Format Version 12.00
# Visual Studio Version 16
VisualStudioVersion = 16.0.29306.81
MinimumVisualStudioVersion = 10.0.40219.1
Project("{FAE04EC0-301F-11D3-BF4B-00C04F79EFBC}") = "test-data", "test-data\test-data.csproj", "{0F9A8766-C991-4240-89CB-F38B66922AA3}"
EndProject
Project("{FAE04EC0-301F-11D3-BF4B-00C04F79EFBC}") = "test-domaine", "test-domaine\test-domaine.csproj", "{9C442791-D608-484A-89D6-126879642017}"
EndProject
Project("{FAE04EC0-301F-11D3-BF4B-00C04F79EFBC}") = "test-Service", "test-Service\test-Service.csproj", "{74B0AE36-9542-4F57-AD7E-242DFD79131E}"
EndProject
Project("{FAE04EC0-301F-11D3-BF4B-00C04F79EFBC}") = "test-ServicePattern", "test-ServicePattern\test-ServicePattern.csproj", "{C9F200DE-E212-44BA-B087-953A5AB9BCD7}"
EndProject
Project("{FAE04EC0-301F-11D3-BF4B-00C04F79EFBC}") = "test-web", "test-web\test-web.csproj", "{10F59952-1624-460A-9923-DAE806E7D1C3}"
EndProject
Global
	GlobalSection(SolutionConfigurationPlatforms) = preSolution
		Debug|Any CPU = Debug|Any CPU
		Release|Any CPU = Release|Any CPU
	EndGlobalSection
	GlobalSection(ProjectConfigurationPlatforms) = postSolution
		{0F9A8766-C991-4240-89CB-F38B66922AA3}.Debug|Any CPU.ActiveCfg = Debug|Any CPU
		{0F9A8766-C991-4240-89CB-F38B66922AA3}.Debug|Any CPU.Build.0 = Debug|Any CPU
		{0F9A8766-C991-4240-89CB-F38B66922AA3}.Release|Any CPU.ActiveCfg = Release|Any CPU
		{0F9A8766-C991-4240-89CB-F38B66922AA3}.Release|Any CPU.Build.0 = Release|Any CPU
		{9C442791-D608-484A-89D6-126879642017}.Debug|Any CPU.ActiveCfg = Debug|Any CPU
		{9C442791-D608-484A-89D6-126879642017}.Debug|Any CPU.Build.0 = Debug|Any CPU
		{9C442791-D608-484A-89D6-126879642017}.Release|Any CPU.ActiveCfg = Release|Any CPU
		{9C442791-D608-484A-89D6-126879642017}.Release|Any CPU.Build.0 = Release|Any CPU
		{74B0AE36-9542-4F57-AD7E-242DFD79131E}.Debug|Any CPU.ActiveCfg = Debug|Any CPU
		{74B0AE36-9542-4F57-AD7E-242DFD79131E}.Debug|Any CPU.Build.0 = Debug|Any CPU
		{74B0AE36-9542-4F57-AD7E-242DFD79131E}.Release|Any CPU.ActiveCfg = Release|Any CPU
		{74B0AE36-9542-4F57-AD7E-242DFD79131E}.Release|Any CPU.Build.0 = Release|Any CPU
		{C9F200DE-E212-44BA-B087-953A5AB9BCD7}.Debug|Any CPU.ActiveCfg = Debug|Any CPU
		{C9F200DE-E212-44BA-B087-953A5AB9BCD7}.Debug|Any CPU.Build.0 = Debug|Any CPU
		{C9F200DE-E212-44BA-B087-953A5AB9BCD7}.Release|Any CPU.ActiveCfg = Release|Any CPU
		{C9F200DE-E212-44BA-B087-953A5AB9BCD7}.Release|Any CPU.Build.0 = Release|Any CPU
		{10F59952-1624-460A-9923-DAE806E7D1C3}.Debug|Any CPU.ActiveCfg = Debug|Any CPU
		{10F59952-1624-460A-9923-DAE806E7D1C3}.Debug|Any CPU.Build.0 = Debug|Any CPU
		{10F59952-1624-460A-9923-DAE806E7D1C3}.Release|Any CPU.ActiveCfg = Release|Any CPU
		{10F59952-1624-460A-9923-DAE806E7D1C3}.Release|Any CPU.Build.0 = Release|Any CPU
	EndGlobalSection
	GlobalSection(SolutionProperties) = preSolution
		HideSolutionNode = FALSE
	EndGlobalSection
	GlobalSection(ExtensibilityGlobals) = postSolution
		SolutionGuid = {DCABA13A-27A4-4844-BE11-71CA1A3D9332}
	EndGlobalSection
EndGlobal
